
Microsoft Visual Studio Solution File, Format Version 12.00
# Visual Studio 15
VisualStudioVersion = 15.0.27130.2026
MinimumVisualStudioVersion = 10.0.40219.1
Project("{FAE04EC0-301F-11D3-BF4B-00C04F79EFBC}") = "ManageAlerts", "ManageAlerts\ManageAlerts.csproj", "{81543E1F-D2B3-47F6-BC14-BA46D8500E35}"
EndProject
Global
	GlobalSection(SolutionConfigurationPlatforms) = preSolution
		Debug|Any CPU = Debug|Any CPU
		Release|Any CPU = Release|Any CPU
	EndGlobalSection
	GlobalSection(ProjectConfigurationPlatforms) = postSolution
		{81543E1F-D2B3-47F6-BC14-BA46D8500E35}.Debug|Any CPU.ActiveCfg = Debug|Any CPU
		{81543E1F-D2B3-47F6-BC14-BA46D8500E35}.Debug|Any CPU.Build.0 = Debug|Any CPU
		{81543E1F-D2B3-47F6-BC14-BA46D8500E35}.Release|Any CPU.ActiveCfg = Release|Any CPU
		{81543E1F-D2B3-47F6-BC14-BA46D8500E35}.Release|Any CPU.Build.0 = Release|Any CPU
	EndGlobalSection
	GlobalSection(SolutionProperties) = preSolution
		HideSolutionNode = FALSE
	EndGlobalSection
	GlobalSection(ExtensibilityGlobals) = postSolution
		SolutionGuid = {DB8014C0-59EC-462D-90D5-5A3CC1880DEF}
	EndGlobalSection
EndGlobal
